
Microsoft Visual Studio Solution File, Format Version 12.00
# Visual Studio 14
VisualStudioVersion = 14.0.24720.0
MinimumVisualStudioVersion = 10.0.40219.1
Project("{FAE04EC0-301F-11D3-BF4B-00C04F79EFBC}") = "Portkit.Logging", "Portkit.Logging\Portkit.Logging.csproj", "{9C1E57B3-2BCA-4F11-B25B-CCCF5C64D306}"
EndProject
Project("{FAE04EC0-301F-11D3-BF4B-00C04F79EFBC}") = "Portkit.UnitTests", "Portkit.UnitTests\Portkit.UnitTests.csproj", "{2D69F119-15A0-48E2-8D7D-77BF8E797B03}"
EndProject
Project("{2150E333-8FDC-42A3-9474-1A3956D46DE8}") = "Portkit.Core", "Portkit.Core", "{EFE345AC-13F8-4276-95E8-64632C172104}"
EndProject
Project("{2150E333-8FDC-42A3-9474-1A3956D46DE8}") = "Tests", "Tests", "{8B0FC0DF-D1D5-4C06-82B5-91D7399AE31E}"
EndProject
Project("{D954291E-2A0B-460D-934E-DC6B0785DB48}") = "Portkit.Core.Shared", "Portkit.Core.Shared\Portkit.Core.Shared.shproj", "{1D3D8490-8A6A-4864-8488-7F28BC3AEE49}"
EndProject
Project("{FAE04EC0-301F-11D3-BF4B-00C04F79EFBC}") = "Portkit.Core.UWP", "Portkit.Core.UWP\Portkit.Core.UWP.csproj", "{70C73C22-E3A7-4435-92C5-70FCCE6AED61}"
EndProject
Project("{2150E333-8FDC-42A3-9474-1A3956D46DE8}") = "Portkit.ComponentModel", "Portkit.ComponentModel", "{A5747EAF-0949-4FFF-8261-083206AD3857}"
EndProject
Project("{FAE04EC0-301F-11D3-BF4B-00C04F79EFBC}") = "Portkit.ComponentModel.UWP", "Portkit.ComponentModel.UWP\Portkit.ComponentModel.UWP.csproj", "{F86DC5FA-FE48-4F8F-BFF5-6534C3812404}"
EndProject
Project("{D954291E-2A0B-460D-934E-DC6B0785DB48}") = "Portkit.ComponentModel.Shared", "Portkit.ComponentModel.Shared\Portkit.ComponentModel.Shared.shproj", "{C1C22489-261D-421D-9396-138AB9A1240C}"
EndProject
Project("{2150E333-8FDC-42A3-9474-1A3956D46DE8}") = "Portkit.Time", "Portkit.Time", "{F238D00A-5958-46B3-9319-708309EDFB82}"
EndProject
Project("{D954291E-2A0B-460D-934E-DC6B0785DB48}") = "Portkit.Time.Shared", "Portkit.Time.Shared\Portkit.Time.Shared.shproj", "{84AFDF32-BFF7-4C73-9786-B221ED4C2AE5}"
EndProject
Project("{FAE04EC0-301F-11D3-BF4B-00C04F79EFBC}") = "Portkit.Time.UWP", "Portkit.Time.UWP\Portkit.Time.UWP.csproj", "{BC9E0B66-3304-43EE-9DC8-2184BC5582C2}"
EndProject
Project("{2150E333-8FDC-42A3-9474-1A3956D46DE8}") = "Portkit.Logging", "Portkit.Logging", "{1D212636-E2B3-4EB4-A881-0479A7ABBF0D}"
EndProject
Global
	GlobalSection(SharedMSBuildProjectFiles) = preSolution
		Portkit.Time.Shared\Portkit.Time.Shared.projitems*{84afdf32-bff7-4c73-9786-b221ed4c2ae5}*SharedItemsImports = 13
		Portkit.Time.Shared\Portkit.Time.Shared.projitems*{bc9e0b66-3304-43ee-9dc8-2184bc5582c2}*SharedItemsImports = 4
		Portkit.Core.Shared\Portkit.Core.Shared.projitems*{70c73c22-e3a7-4435-92c5-70fcce6aed61}*SharedItemsImports = 4
		Portkit.Core.Shared\Portkit.Core.Shared.projitems*{1d3d8490-8a6a-4864-8488-7f28bc3aee49}*SharedItemsImports = 13
		Portkit.ComponentModel.Shared\Portkit.ComponentModel.Shared.projitems*{c1c22489-261d-421d-9396-138ab9a1240c}*SharedItemsImports = 13
		Portkit.ComponentModel.Shared\Portkit.ComponentModel.Shared.projitems*{f86dc5fa-fe48-4f8f-bff5-6534c3812404}*SharedItemsImports = 4
	EndGlobalSection
	GlobalSection(SolutionConfigurationPlatforms) = preSolution
		Debug|Any CPU = Debug|Any CPU
		Debug|ARM = Debug|ARM
		Debug|x64 = Debug|x64
		Debug|x86 = Debug|x86
		Release|Any CPU = Release|Any CPU
		Release|ARM = Release|ARM
		Release|x64 = Release|x64
		Release|x86 = Release|x86
	EndGlobalSection
	GlobalSection(ProjectConfigurationPlatforms) = postSolution
		{9C1E57B3-2BCA-4F11-B25B-CCCF5C64D306}.Debug|Any CPU.ActiveCfg = Debug|Any CPU
		{9C1E57B3-2BCA-4F11-B25B-CCCF5C64D306}.Debug|Any CPU.Build.0 = Debug|Any CPU
		{9C1E57B3-2BCA-4F11-B25B-CCCF5C64D306}.Debug|ARM.ActiveCfg = Debug|Any CPU
		{9C1E57B3-2BCA-4F11-B25B-CCCF5C64D306}.Debug|ARM.Build.0 = Debug|Any CPU
		{9C1E57B3-2BCA-4F11-B25B-CCCF5C64D306}.Debug|x64.ActiveCfg = Debug|Any CPU
		{9C1E57B3-2BCA-4F11-B25B-CCCF5C64D306}.Debug|x64.Build.0 = Debug|Any CPU
		{9C1E57B3-2BCA-4F11-B25B-CCCF5C64D306}.Debug|x86.ActiveCfg = Debug|Any CPU
		{9C1E57B3-2BCA-4F11-B25B-CCCF5C64D306}.Debug|x86.Build.0 = Debug|Any CPU
		{9C1E57B3-2BCA-4F11-B25B-CCCF5C64D306}.Release|Any CPU.ActiveCfg = Release|Any CPU
		{9C1E57B3-2BCA-4F11-B25B-CCCF5C64D306}.Release|Any CPU.Build.0 = Release|Any CPU
		{9C1E57B3-2BCA-4F11-B25B-CCCF5C64D306}.Release|ARM.ActiveCfg = Release|Any CPU
		{9C1E57B3-2BCA-4F11-B25B-CCCF5C64D306}.Release|ARM.Build.0 = Release|Any CPU
		{9C1E57B3-2BCA-4F11-B25B-CCCF5C64D306}.Release|x64.ActiveCfg = Release|Any CPU
		{9C1E57B3-2BCA-4F11-B25B-CCCF5C64D306}.Release|x64.Build.0 = Release|Any CPU
		{9C1E57B3-2BCA-4F11-B25B-CCCF5C64D306}.Release|x86.ActiveCfg = Release|Any CPU
		{9C1E57B3-2BCA-4F11-B25B-CCCF5C64D306}.Release|x86.Build.0 = Release|Any CPU
		{2D69F119-15A0-48E2-8D7D-77BF8E797B03}.Debug|Any CPU.ActiveCfg = Debug|Any CPU
		{2D69F119-15A0-48E2-8D7D-77BF8E797B03}.Debug|Any CPU.Build.0 = Debug|Any CPU
		{2D69F119-15A0-48E2-8D7D-77BF8E797B03}.Debug|ARM.ActiveCfg = Debug|Any CPU
		{2D69F119-15A0-48E2-8D7D-77BF8E797B03}.Debug|ARM.Build.0 = Debug|Any CPU
		{2D69F119-15A0-48E2-8D7D-77BF8E797B03}.Debug|x64.ActiveCfg = Debug|Any CPU
		{2D69F119-15A0-48E2-8D7D-77BF8E797B03}.Debug|x64.Build.0 = Debug|Any CPU
		{2D69F119-15A0-48E2-8D7D-77BF8E797B03}.Debug|x86.ActiveCfg = Debug|Any CPU
		{2D69F119-15A0-48E2-8D7D-77BF8E797B03}.Debug|x86.Build.0 = Debug|Any CPU
		{2D69F119-15A0-48E2-8D7D-77BF8E797B03}.Release|Any CPU.ActiveCfg = Release|Any CPU
		{2D69F119-15A0-48E2-8D7D-77BF8E797B03}.Release|Any CPU.Build.0 = Release|Any CPU
		{2D69F119-15A0-48E2-8D7D-77BF8E797B03}.Release|ARM.ActiveCfg = Release|Any CPU
		{2D69F119-15A0-48E2-8D7D-77BF8E797B03}.Release|ARM.Build.0 = Release|Any CPU
		{2D69F119-15A0-48E2-8D7D-77BF8E797B03}.Release|x64.ActiveCfg = Release|Any CPU
		{2D69F119-15A0-48E2-8D7D-77BF8E797B03}.Release|x64.Build.0 = Release|Any CPU
		{2D69F119-15A0-48E2-8D7D-77BF8E797B03}.Release|x86.ActiveCfg = Release|Any CPU
		{2D69F119-15A0-48E2-8D7D-77BF8E797B03}.Release|x86.Build.0 = Release|Any CPU
		{70C73C22-E3A7-4435-92C5-70FCCE6AED61}.Debug|Any CPU.ActiveCfg = Debug|Any CPU
		{70C73C22-E3A7-4435-92C5-70FCCE6AED61}.Debug|Any CPU.Build.0 = Debug|Any CPU
		{70C73C22-E3A7-4435-92C5-70FCCE6AED61}.Debug|ARM.ActiveCfg = Debug|ARM
		{70C73C22-E3A7-4435-92C5-70FCCE6AED61}.Debug|ARM.Build.0 = Debug|ARM
		{70C73C22-E3A7-4435-92C5-70FCCE6AED61}.Debug|x64.ActiveCfg = Debug|x64
		{70C73C22-E3A7-4435-92C5-70FCCE6AED61}.Debug|x64.Build.0 = Debug|x64
		{70C73C22-E3A7-4435-92C5-70FCCE6AED61}.Debug|x86.ActiveCfg = Debug|x86
		{70C73C22-E3A7-4435-92C5-70FCCE6AED61}.Debug|x86.Build.0 = Debug|x86
		{70C73C22-E3A7-4435-92C5-70FCCE6AED61}.Release|Any CPU.ActiveCfg = Release|Any CPU
		{70C73C22-E3A7-4435-92C5-70FCCE6AED61}.Release|Any CPU.Build.0 = Release|Any CPU
		{70C73C22-E3A7-4435-92C5-70FCCE6AED61}.Release|ARM.ActiveCfg = Release|ARM
		{70C73C22-E3A7-4435-92C5-70FCCE6AED61}.Release|ARM.Build.0 = Release|ARM
		{70C73C22-E3A7-4435-92C5-70FCCE6AED61}.Release|x64.ActiveCfg = Release|x64
		{70C73C22-E3A7-4435-92C5-70FCCE6AED61}.Release|x64.Build.0 = Release|x64
		{70C73C22-E3A7-4435-92C5-70FCCE6AED61}.Release|x86.ActiveCfg = Release|x86
		{70C73C22-E3A7-4435-92C5-70FCCE6AED61}.Release|x86.Build.0 = Release|x86
		{F86DC5FA-FE48-4F8F-BFF5-6534C3812404}.Debug|Any CPU.ActiveCfg = Debug|Any CPU
		{F86DC5FA-FE48-4F8F-BFF5-6534C3812404}.Debug|Any CPU.Build.0 = Debug|Any CPU
		{F86DC5FA-FE48-4F8F-BFF5-6534C3812404}.Debug|ARM.ActiveCfg = Debug|ARM
		{F86DC5FA-FE48-4F8F-BFF5-6534C3812404}.Debug|ARM.Build.0 = Debug|ARM
		{F86DC5FA-FE48-4F8F-BFF5-6534C3812404}.Debug|x64.ActiveCfg = Debug|x64
		{F86DC5FA-FE48-4F8F-BFF5-6534C3812404}.Debug|x64.Build.0 = Debug|x64
		{F86DC5FA-FE48-4F8F-BFF5-6534C3812404}.Debug|x86.ActiveCfg = Debug|x86
		{F86DC5FA-FE48-4F8F-BFF5-6534C3812404}.Debug|x86.Build.0 = Debug|x86
		{F86DC5FA-FE48-4F8F-BFF5-6534C3812404}.Release|Any CPU.ActiveCfg = Release|Any CPU
		{F86DC5FA-FE48-4F8F-BFF5-6534C3812404}.Release|Any CPU.Build.0 = Release|Any CPU
		{F86DC5FA-FE48-4F8F-BFF5-6534C3812404}.Release|ARM.ActiveCfg = Release|ARM
		{F86DC5FA-FE48-4F8F-BFF5-6534C3812404}.Release|ARM.Build.0 = Release|ARM
		{F86DC5FA-FE48-4F8F-BFF5-6534C3812404}.Release|x64.ActiveCfg = Release|x64
		{F86DC5FA-FE48-4F8F-BFF5-6534C3812404}.Release|x64.Build.0 = Release|x64
		{F86DC5FA-FE48-4F8F-BFF5-6534C3812404}.Release|x86.ActiveCfg = Release|x86
		{F86DC5FA-FE48-4F8F-BFF5-6534C3812404}.Release|x86.Build.0 = Release|x86
		{BC9E0B66-3304-43EE-9DC8-2184BC5582C2}.Debug|Any CPU.ActiveCfg = Debug|Any CPU
		{BC9E0B66-3304-43EE-9DC8-2184BC5582C2}.Debug|Any CPU.Build.0 = Debug|Any CPU
		{BC9E0B66-3304-43EE-9DC8-2184BC5582C2}.Debug|ARM.ActiveCfg = Debug|ARM
		{BC9E0B66-3304-43EE-9DC8-2184BC5582C2}.Debug|ARM.Build.0 = Debug|ARM
		{BC9E0B66-3304-43EE-9DC8-2184BC5582C2}.Debug|x64.ActiveCfg = Debug|x64
		{BC9E0B66-3304-43EE-9DC8-2184BC5582C2}.Debug|x64.Build.0 = Debug|x64
		{BC9E0B66-3304-43EE-9DC8-2184BC5582C2}.Debug|x86.ActiveCfg = Debug|x86
		{BC9E0B66-3304-43EE-9DC8-2184BC5582C2}.Debug|x86.Build.0 = Debug|x86
		{BC9E0B66-3304-43EE-9DC8-2184BC5582C2}.Release|Any CPU.ActiveCfg = Release|Any CPU
		{BC9E0B66-3304-43EE-9DC8-2184BC5582C2}.Release|Any CPU.Build.0 = Release|Any CPU
		{BC9E0B66-3304-43EE-9DC8-2184BC5582C2}.Release|ARM.ActiveCfg = Release|ARM
		{BC9E0B66-3304-43EE-9DC8-2184BC5582C2}.Release|ARM.Build.0 = Release|ARM
		{BC9E0B66-3304-43EE-9DC8-2184BC5582C2}.Release|x64.ActiveCfg = Release|x64
		{BC9E0B66-3304-43EE-9DC8-2184BC5582C2}.Release|x64.Build.0 = Release|x64
		{BC9E0B66-3304-43EE-9DC8-2184BC5582C2}.Release|x86.ActiveCfg = Release|x86
		{BC9E0B66-3304-43EE-9DC8-2184BC5582C2}.Release|x86.Build.0 = Release|x86
	EndGlobalSection
	GlobalSection(SolutionProperties) = preSolution
		HideSolutionNode = FALSE
	EndGlobalSection
	GlobalSection(NestedProjects) = preSolution
		{9C1E57B3-2BCA-4F11-B25B-CCCF5C64D306} = {1D212636-E2B3-4EB4-A881-0479A7ABBF0D}
		{2D69F119-15A0-48E2-8D7D-77BF8E797B03} = {8B0FC0DF-D1D5-4C06-82B5-91D7399AE31E}
		{1D3D8490-8A6A-4864-8488-7F28BC3AEE49} = {EFE345AC-13F8-4276-95E8-64632C172104}
		{70C73C22-E3A7-4435-92C5-70FCCE6AED61} = {EFE345AC-13F8-4276-95E8-64632C172104}
		{F86DC5FA-FE48-4F8F-BFF5-6534C3812404} = {A5747EAF-0949-4FFF-8261-083206AD3857}
		{C1C22489-261D-421D-9396-138AB9A1240C} = {A5747EAF-0949-4FFF-8261-083206AD3857}
		{84AFDF32-BFF7-4C73-9786-B221ED4C2AE5} = {F238D00A-5958-46B3-9319-708309EDFB82}
		{BC9E0B66-3304-43EE-9DC8-2184BC5582C2} = {F238D00A-5958-46B3-9319-708309EDFB82}
	EndGlobalSection
EndGlobal
