
Microsoft Visual Studio Solution File, Format Version 12.00
# Visual Studio 2013
VisualStudioVersion = 12.0.31101.0
MinimumVisualStudioVersion = 10.0.40219.1
Project("{FAE04EC0-301F-11D3-BF4B-00C04F79EFBC}") = "Portkit.Core", "Portkit.Core\Portkit.Core.csproj", "{EF0D9A66-1522-4F7F-9A15-3253CB19DEE0}"
EndProject
Project("{FAE04EC0-301F-11D3-BF4B-00C04F79EFBC}") = "Portkit.ComponentModel", "Portkit.ComponentModel\Portkit.ComponentModel.csproj", "{2FCBFA0E-1180-4931-9869-7572A617A6E8}"
EndProject
Project("{FAE04EC0-301F-11D3-BF4B-00C04F79EFBC}") = "Portkit.Logging", "Portkit.Logging\Portkit.Logging.csproj", "{9C1E57B3-2BCA-4F11-B25B-CCCF5C64D306}"
EndProject
Project("{FAE04EC0-301F-11D3-BF4B-00C04F79EFBC}") = "Portkit.UnitTests", "Portkit.UnitTests\Portkit.UnitTests.csproj", "{2D69F119-15A0-48E2-8D7D-77BF8E797B03}"
EndProject
Global
	GlobalSection(SolutionConfigurationPlatforms) = preSolution
		Debug|Any CPU = Debug|Any CPU
		Release|Any CPU = Release|Any CPU
	EndGlobalSection
	GlobalSection(ProjectConfigurationPlatforms) = postSolution
		{EF0D9A66-1522-4F7F-9A15-3253CB19DEE0}.Debug|Any CPU.ActiveCfg = Debug|Any CPU
		{EF0D9A66-1522-4F7F-9A15-3253CB19DEE0}.Debug|Any CPU.Build.0 = Debug|Any CPU
		{EF0D9A66-1522-4F7F-9A15-3253CB19DEE0}.Release|Any CPU.ActiveCfg = Release|Any CPU
		{EF0D9A66-1522-4F7F-9A15-3253CB19DEE0}.Release|Any CPU.Build.0 = Release|Any CPU
		{2FCBFA0E-1180-4931-9869-7572A617A6E8}.Debug|Any CPU.ActiveCfg = Debug|Any CPU
		{2FCBFA0E-1180-4931-9869-7572A617A6E8}.Debug|Any CPU.Build.0 = Debug|Any CPU
		{2FCBFA0E-1180-4931-9869-7572A617A6E8}.Release|Any CPU.ActiveCfg = Release|Any CPU
		{2FCBFA0E-1180-4931-9869-7572A617A6E8}.Release|Any CPU.Build.0 = Release|Any CPU
		{9C1E57B3-2BCA-4F11-B25B-CCCF5C64D306}.Debug|Any CPU.ActiveCfg = Debug|Any CPU
		{9C1E57B3-2BCA-4F11-B25B-CCCF5C64D306}.Debug|Any CPU.Build.0 = Debug|Any CPU
		{9C1E57B3-2BCA-4F11-B25B-CCCF5C64D306}.Release|Any CPU.ActiveCfg = Release|Any CPU
		{9C1E57B3-2BCA-4F11-B25B-CCCF5C64D306}.Release|Any CPU.Build.0 = Release|Any CPU
		{2D69F119-15A0-48E2-8D7D-77BF8E797B03}.Debug|Any CPU.ActiveCfg = Debug|Any CPU
		{2D69F119-15A0-48E2-8D7D-77BF8E797B03}.Debug|Any CPU.Build.0 = Debug|Any CPU
		{2D69F119-15A0-48E2-8D7D-77BF8E797B03}.Release|Any CPU.ActiveCfg = Release|Any CPU
		{2D69F119-15A0-48E2-8D7D-77BF8E797B03}.Release|Any CPU.Build.0 = Release|Any CPU
	EndGlobalSection
	GlobalSection(SolutionProperties) = preSolution
		HideSolutionNode = FALSE
	EndGlobalSection
EndGlobal
